
Microsoft Visual Studio Solution File, Format Version 12.00
# Visual Studio 14
VisualStudioVersion = 14.0.25420.1
MinimumVisualStudioVersion = 10.0.40219.1
Project("{8BC9CEB8-8B4A-11D0-8D11-00A0C91BC942}") = "Interface", "Interface\Interface.vcxproj", "{B529E5ED-CF65-4B43-9A28-4100E27E6CCB}"
EndProject
Project("{8BC9CEB8-8B4A-11D0-8D11-00A0C91BC942}") = "Server", "Server\Server.vcxproj", "{EE97B315-9721-44D2-BAC7-921C7AC17B39}"
EndProject
Project("{8BC9CEB8-8B4A-11D0-8D11-00A0C91BC942}") = "Client", "Client\Client.vcxproj", "{6CB947BF-B19C-4EFE-82B6-22588EF84847}"
EndProject
Project("{888888A0-9F3D-457C-B088-3A5042F75D52}") = "PythonClient", "PythonClient\PythonClient.pyproj", "{A7E19339-185C-4D4C-8645-6E1569905D6E}"
EndProject
Project("{8BC9CEB8-8B4A-11D0-8D11-00A0C91BC942}") = "Interface-Asyn", "Interface-Asyn\Interface-Asyn.vcxproj", "{1C9EAF4D-2521-41B4-BE8F-891B12164A63}"
EndProject
Project("{8BC9CEB8-8B4A-11D0-8D11-00A0C91BC942}") = "Server-Asyn", "Server-Asyn\Server-Asyn.vcxproj", "{C05CB401-E3CC-4654-92A9-17C77CAE176F}"
EndProject
Project("{8BC9CEB8-8B4A-11D0-8D11-00A0C91BC942}") = "Client-Asyn", "Client-Asyn\Client-Asyn.vcxproj", "{90B70220-98D9-4B85-A000-7B40E6C926ED}"
EndProject
Global
	GlobalSection(SolutionConfigurationPlatforms) = preSolution
		Debug|Any CPU = Debug|Any CPU
		Debug|x64 = Debug|x64
		Debug|x86 = Debug|x86
		Release|Any CPU = Release|Any CPU
		Release|x64 = Release|x64
		Release|x86 = Release|x86
	EndGlobalSection
	GlobalSection(ProjectConfigurationPlatforms) = postSolution
		{B529E5ED-CF65-4B43-9A28-4100E27E6CCB}.Debug|Any CPU.ActiveCfg = Debug|Win32
		{B529E5ED-CF65-4B43-9A28-4100E27E6CCB}.Debug|x64.ActiveCfg = Debug|x64
		{B529E5ED-CF65-4B43-9A28-4100E27E6CCB}.Debug|x64.Build.0 = Debug|x64
		{B529E5ED-CF65-4B43-9A28-4100E27E6CCB}.Debug|x86.ActiveCfg = Debug|Win32
		{B529E5ED-CF65-4B43-9A28-4100E27E6CCB}.Debug|x86.Build.0 = Debug|Win32
		{B529E5ED-CF65-4B43-9A28-4100E27E6CCB}.Release|Any CPU.ActiveCfg = Release|Win32
		{B529E5ED-CF65-4B43-9A28-4100E27E6CCB}.Release|x64.ActiveCfg = Release|x64
		{B529E5ED-CF65-4B43-9A28-4100E27E6CCB}.Release|x64.Build.0 = Release|x64
		{B529E5ED-CF65-4B43-9A28-4100E27E6CCB}.Release|x86.ActiveCfg = Release|Win32
		{B529E5ED-CF65-4B43-9A28-4100E27E6CCB}.Release|x86.Build.0 = Release|Win32
		{EE97B315-9721-44D2-BAC7-921C7AC17B39}.Debug|Any CPU.ActiveCfg = Debug|Win32
		{EE97B315-9721-44D2-BAC7-921C7AC17B39}.Debug|x64.ActiveCfg = Debug|x64
		{EE97B315-9721-44D2-BAC7-921C7AC17B39}.Debug|x64.Build.0 = Debug|x64
		{EE97B315-9721-44D2-BAC7-921C7AC17B39}.Debug|x86.ActiveCfg = Debug|Win32
		{EE97B315-9721-44D2-BAC7-921C7AC17B39}.Debug|x86.Build.0 = Debug|Win32
		{EE97B315-9721-44D2-BAC7-921C7AC17B39}.Release|Any CPU.ActiveCfg = Release|Win32
		{EE97B315-9721-44D2-BAC7-921C7AC17B39}.Release|x64.ActiveCfg = Release|x64
		{EE97B315-9721-44D2-BAC7-921C7AC17B39}.Release|x64.Build.0 = Release|x64
		{EE97B315-9721-44D2-BAC7-921C7AC17B39}.Release|x86.ActiveCfg = Release|Win32
		{EE97B315-9721-44D2-BAC7-921C7AC17B39}.Release|x86.Build.0 = Release|Win32
		{6CB947BF-B19C-4EFE-82B6-22588EF84847}.Debug|Any CPU.ActiveCfg = Debug|Win32
		{6CB947BF-B19C-4EFE-82B6-22588EF84847}.Debug|x64.ActiveCfg = Debug|x64
		{6CB947BF-B19C-4EFE-82B6-22588EF84847}.Debug|x64.Build.0 = Debug|x64
		{6CB947BF-B19C-4EFE-82B6-22588EF84847}.Debug|x86.ActiveCfg = Debug|Win32
		{6CB947BF-B19C-4EFE-82B6-22588EF84847}.Debug|x86.Build.0 = Debug|Win32
		{6CB947BF-B19C-4EFE-82B6-22588EF84847}.Release|Any CPU.ActiveCfg = Release|Win32
		{6CB947BF-B19C-4EFE-82B6-22588EF84847}.Release|x64.ActiveCfg = Release|x64
		{6CB947BF-B19C-4EFE-82B6-22588EF84847}.Release|x64.Build.0 = Release|x64
		{6CB947BF-B19C-4EFE-82B6-22588EF84847}.Release|x86.ActiveCfg = Release|Win32
		{6CB947BF-B19C-4EFE-82B6-22588EF84847}.Release|x86.Build.0 = Release|Win32
		{A7E19339-185C-4D4C-8645-6E1569905D6E}.Debug|Any CPU.ActiveCfg = Debug|Any CPU
		{A7E19339-185C-4D4C-8645-6E1569905D6E}.Debug|x64.ActiveCfg = Debug|Any CPU
		{A7E19339-185C-4D4C-8645-6E1569905D6E}.Debug|x86.ActiveCfg = Debug|Any CPU
		{A7E19339-185C-4D4C-8645-6E1569905D6E}.Release|Any CPU.ActiveCfg = Release|Any CPU
		{A7E19339-185C-4D4C-8645-6E1569905D6E}.Release|x64.ActiveCfg = Release|Any CPU
		{A7E19339-185C-4D4C-8645-6E1569905D6E}.Release|x86.ActiveCfg = Release|Any CPU
		{1C9EAF4D-2521-41B4-BE8F-891B12164A63}.Debug|Any CPU.ActiveCfg = Debug|Win32
		{1C9EAF4D-2521-41B4-BE8F-891B12164A63}.Debug|x64.ActiveCfg = Debug|x64
		{1C9EAF4D-2521-41B4-BE8F-891B12164A63}.Debug|x64.Build.0 = Debug|x64
		{1C9EAF4D-2521-41B4-BE8F-891B12164A63}.Debug|x86.ActiveCfg = Debug|Win32
		{1C9EAF4D-2521-41B4-BE8F-891B12164A63}.Debug|x86.Build.0 = Debug|Win32
		{1C9EAF4D-2521-41B4-BE8F-891B12164A63}.Release|Any CPU.ActiveCfg = Release|Win32
		{1C9EAF4D-2521-41B4-BE8F-891B12164A63}.Release|x64.ActiveCfg = Release|x64
		{1C9EAF4D-2521-41B4-BE8F-891B12164A63}.Release|x64.Build.0 = Release|x64
		{1C9EAF4D-2521-41B4-BE8F-891B12164A63}.Release|x86.ActiveCfg = Release|Win32
		{1C9EAF4D-2521-41B4-BE8F-891B12164A63}.Release|x86.Build.0 = Release|Win32
		{C05CB401-E3CC-4654-92A9-17C77CAE176F}.Debug|Any CPU.ActiveCfg = Debug|Win32
		{C05CB401-E3CC-4654-92A9-17C77CAE176F}.Debug|x64.ActiveCfg = Debug|x64
		{C05CB401-E3CC-4654-92A9-17C77CAE176F}.Debug|x64.Build.0 = Debug|x64
		{C05CB401-E3CC-4654-92A9-17C77CAE176F}.Debug|x86.ActiveCfg = Debug|Win32
		{C05CB401-E3CC-4654-92A9-17C77CAE176F}.Debug|x86.Build.0 = Debug|Win32
		{C05CB401-E3CC-4654-92A9-17C77CAE176F}.Release|Any CPU.ActiveCfg = Release|Win32
		{C05CB401-E3CC-4654-92A9-17C77CAE176F}.Release|x64.ActiveCfg = Release|x64
		{C05CB401-E3CC-4654-92A9-17C77CAE176F}.Release|x64.Build.0 = Release|x64
		{C05CB401-E3CC-4654-92A9-17C77CAE176F}.Release|x86.ActiveCfg = Release|Win32
		{C05CB401-E3CC-4654-92A9-17C77CAE176F}.Release|x86.Build.0 = Release|Win32
		{90B70220-98D9-4B85-A000-7B40E6C926ED}.Debug|Any CPU.ActiveCfg = Debug|Win32
		{90B70220-98D9-4B85-A000-7B40E6C926ED}.Debug|x64.ActiveCfg = Debug|x64
		{90B70220-98D9-4B85-A000-7B40E6C926ED}.Debug|x64.Build.0 = Debug|x64
		{90B70220-98D9-4B85-A000-7B40E6C926ED}.Debug|x86.ActiveCfg = Debug|Win32
		{90B70220-98D9-4B85-A000-7B40E6C926ED}.Debug|x86.Build.0 = Debug|Win32
		{90B70220-98D9-4B85-A000-7B40E6C926ED}.Release|Any CPU.ActiveCfg = Release|Win32
		{90B70220-98D9-4B85-A000-7B40E6C926ED}.Release|x64.ActiveCfg = Release|x64
		{90B70220-98D9-4B85-A000-7B40E6C926ED}.Release|x64.Build.0 = Release|x64
		{90B70220-98D9-4B85-A000-7B40E6C926ED}.Release|x86.ActiveCfg = Release|Win32
		{90B70220-98D9-4B85-A000-7B40E6C926ED}.Release|x86.Build.0 = Release|Win32
	EndGlobalSection
	GlobalSection(SolutionProperties) = preSolution
		HideSolutionNode = FALSE
	EndGlobalSection
EndGlobal
